PODS:
  - TensorFlow-experimental (1.1.1)

DEPENDENCIES:
  - TensorFlow-experimental

SPEC REPOS:
  https://github.com/cocoapods/specs.git:
    - TensorFlow-experimental

SPEC CHECKSUMS:
  TensorFlow-experimental: c38ed2a43acaa2d42ce4174ac076efaa76e26a12

PODFILE CHECKSUM: adf63939ffdbbab7982ed42da4fb1b01ed333981

COCOAPODS: 1.5.2
